
Microsoft Visual Studio Solution File, Format Version 12.00
# Visual Studio Version 17
VisualStudioVersion = 17.5.33530.505
MinimumVisualStudioVersion = 10.0.40219.1
Project("{9A19103F-16F7-4668-BE54-9A1E7A4F7556}") = "FiltrelemeProjectMvc", "FiltrelemeProject\FiltrelemeProjectMvc.csproj", "{9AF21649-E5C7-4304-B64F-F0B5E75BAA79}"
EndProject
Project("{9A19103F-16F7-4668-BE54-9A1E7A4F7556}") = "EntityLayer", "EntityLayer\EntityLayer.csproj", "{923186ED-DC8D-4D4C-A776-820FB3F8D7C4}"
EndProject
Project("{9A19103F-16F7-4668-BE54-9A1E7A4F7556}") = "DataAccessLayer", "DataAccessLayer\DataAccessLayer.csproj", "{D9257272-1F37-4830-BB92-2722FB52B8F8}"
EndProject
Project("{9A19103F-16F7-4668-BE54-9A1E7A4F7556}") = "BusinessLayer", "BusinessLayer\BusinessLayer.csproj", "{20C0AEA8-4458-47DE-BDD9-BEB97C6F38DC}"
EndProject
Project("{9A19103F-16F7-4668-BE54-9A1E7A4F7556}") = "UrlCrawl", "UrlCrawl\UrlCrawl.csproj", "{7EF37C07-B087-42B7-8AB6-75C0D4EBACD0}"
EndProject
Global
	GlobalSection(SolutionConfigurationPlatforms) = preSolution
		Debug|Any CPU = Debug|Any CPU
		Release|Any CPU = Release|Any CPU
	EndGlobalSection
	GlobalSection(ProjectConfigurationPlatforms) = postSolution
		{9AF21649-E5C7-4304-B64F-F0B5E75BAA79}.Debug|Any CPU.ActiveCfg = Debug|Any CPU
		{9AF21649-E5C7-4304-B64F-F0B5E75BAA79}.Debug|Any CPU.Build.0 = Debug|Any CPU
		{9AF21649-E5C7-4304-B64F-F0B5E75BAA79}.Release|Any CPU.ActiveCfg = Release|Any CPU
		{9AF21649-E5C7-4304-B64F-F0B5E75BAA79}.Release|Any CPU.Build.0 = Release|Any CPU
		{923186ED-DC8D-4D4C-A776-820FB3F8D7C4}.Debug|Any CPU.ActiveCfg = Debug|Any CPU
		{923186ED-DC8D-4D4C-A776-820FB3F8D7C4}.Debug|Any CPU.Build.0 = Debug|Any CPU
		{923186ED-DC8D-4D4C-A776-820FB3F8D7C4}.Release|Any CPU.ActiveCfg = Release|Any CPU
		{923186ED-DC8D-4D4C-A776-820FB3F8D7C4}.Release|Any CPU.Build.0 = Release|Any CPU
		{D9257272-1F37-4830-BB92-2722FB52B8F8}.Debug|Any CPU.ActiveCfg = Debug|Any CPU
		{D9257272-1F37-4830-BB92-2722FB52B8F8}.Debug|Any CPU.Build.0 = Debug|Any CPU
		{D9257272-1F37-4830-BB92-2722FB52B8F8}.Release|Any CPU.ActiveCfg = Release|Any CPU
		{D9257272-1F37-4830-BB92-2722FB52B8F8}.Release|Any CPU.Build.0 = Release|Any CPU
		{20C0AEA8-4458-47DE-BDD9-BEB97C6F38DC}.Debug|Any CPU.ActiveCfg = Debug|Any CPU
		{20C0AEA8-4458-47DE-BDD9-BEB97C6F38DC}.Debug|Any CPU.Build.0 = Debug|Any CPU
		{20C0AEA8-4458-47DE-BDD9-BEB97C6F38DC}.Release|Any CPU.ActiveCfg = Release|Any CPU
		{20C0AEA8-4458-47DE-BDD9-BEB97C6F38DC}.Release|Any CPU.Build.0 = Release|Any CPU
		{7EF37C07-B087-42B7-8AB6-75C0D4EBACD0}.Debug|Any CPU.ActiveCfg = Debug|Any CPU
		{7EF37C07-B087-42B7-8AB6-75C0D4EBACD0}.Debug|Any CPU.Build.0 = Debug|Any CPU
		{7EF37C07-B087-42B7-8AB6-75C0D4EBACD0}.Release|Any CPU.ActiveCfg = Release|Any CPU
		{7EF37C07-B087-42B7-8AB6-75C0D4EBACD0}.Release|Any CPU.Build.0 = Release|Any CPU
	EndGlobalSection
	GlobalSection(SolutionProperties) = preSolution
		HideSolutionNode = FALSE
	EndGlobalSection
	GlobalSection(ExtensibilityGlobals) = postSolution
		SolutionGuid = {A8AE71DA-5AEA-4C63-9185-E06CA82A5B0A}
	EndGlobalSection
EndGlobal
